// !$*UTF8*$!
{
	archiveVersion = 1;
	classes = {
	};
	objectVersion = 46;
	objects = {

/* Begin PBXBuildFile section */
		D370FAC11B18F9CC0095D72F /* AppDelegate.swift in Sources */ = {isa = PBXBuildFile; fileRef = D370FAC01B18F9CC0095D72F /* AppDelegate.swift */; };
		D370FAC31B18F9CC0095D72F /* ViewController.swift in Sources */ = {isa = PBXBuildFile; fileRef = D370FAC21B18F9CC0095D72F /* ViewController.swift */; };
		D370FAC61B18F9CC0095D72F /* Main.storyboard in Resources */ = {isa = PBXBuildFile; fileRef = D370FAC41B18F9CC0095D72F /* Main.storyboard */; };
		D370FAC81B18F9CC0095D72F /* Images.xcassets in Resources */ = {isa = PBXBuildFile; fileRef = D370FAC71B18F9CC0095D72F /* Images.xcassets */; };
		D370FACB1B18F9CC0095D72F /* LaunchScreen.xib in Resources */ = {isa = PBXBuildFile; fileRef = D370FAC91B18F9CC0095D72F /* LaunchScreen.xib */; };
		D370FAD71B18F9CC0095D72F /* PermanentStorageTests.swift in Sources */ = {isa = PBXBuildFile; fileRef = D370FAD61B18F9CC0095D72F /* PermanentStorageTests.swift */; };
/* End PBXBuildFile section */

/* Begin PBXContainerItemProxy section */
		D370FAD11B18F9CC0095D72F /* PBXContainerItemProxy */ = {
			isa = PBXContainerItemProxy;
			containerPortal = D370FAB31B18F9CC0095D72F /* Project object */;
			proxyType = 1;
			remoteGlobalIDString = D370FABA1B18F9CC0095D72F;
			remoteInfo = PermanentStorage;
		};
/* End PBXContainerItemProxy section */

/* Begin PBXFileReference section */
		D370FABB1B18F9CC0095D72F /* PermanentStorage.app */ = {isa = PBXFileReference; explicitFileType = wrapper.application; includeInIndex = 0; path = PermanentStorage.app; sourceTree = BUILT_PRODUCTS_DIR; };
		D370FABF1B18F9CC0095D72F /* Info.plist */ = {isa = PBXFileReference; lastKnownFileType = text.plist.xml; path = Info.plist; sourceTree = "<group>"; };
		D370FAC01B18F9CC0095D72F /* AppDelegate.swift */ = {isa = PBXFileReference; lastKnownFileType = sourcecode.swift; path = AppDelegate.swift; sourceTree = "<group>"; };
		D370FAC21B18F9CC0095D72F /* ViewController.swift */ = {isa = PBXFileReference; lastKnownFileType = sourcecode.swift; path = ViewController.swift; sourceTree = "<group>"; };
		D370FAC51B18F9CC0095D72F /* Base */ = {isa = PBXFileReference; lastKnownFileType = file.storyboard; name = Base; path = Base.lproj/Main.storyboard; sourceTree = "<group>"; };
		D370FAC71B18F9CC0095D72F /* Images.xcassets */ = {isa = PBXFileReference; lastKnownFileType = folder.assetcatalog; path = Images.xcassets; sourceTree = "<group>"; };
		D370FACA1B18F9CC0095D72F /* Base */ = {isa = PBXFileReference; lastKnownFileType = file.xib; name = Base; path = Base.lproj/LaunchScreen.xib; sourceTree = "<group>"; };
		D370FAD01B18F9CC0095D72F /* PermanentStorageTests.xctest */ = {isa = PBXFileReference; explicitFileType = wrapper.cfbundle; includeInIndex = 0; path = PermanentStorageTests.xctest; sourceTree = BUILT_PRODUCTS_DIR; };
		D370FAD51B18F9CC0095D72F /* Info.plist */ = {isa = PBXFileReference; lastKnownFileType = text.plist.xml; path = Info.plist; sourceTree = "<group>"; };
		D370FAD61B18F9CC0095D72F /* PermanentStorageTests.swift */ = {isa = PBXFileReference; lastKnownFileType = sourcecode.swift; path = PermanentStorageTests.swift; sourceTree = "<group>"; };
/* End PBXFileReference section */

/* Begin PBXFrameworksBuildPhase section */
		D370FAB81B18F9CC0095D72F /* Frameworks */ = {
			isa = PBXFrameworksBuildPhase;
			buildActionMask = 2147483647;
			files = (
			);
			runOnlyForDeploymentPostprocessing = 0;
		};
		D370FACD1B18F9CC0095D72F /* Frameworks */ = {
			isa = PBXFrameworksBuildPhase;
			buildActionMask = 2147483647;
			files = (
			);
			runOnlyForDeploymentPostprocessing = 0;
		};
/* End PBXFrameworksBuildPhase section */

/* Begin PBXGroup section */
		D370FAB21B18F9CC0095D72F = {
			isa = PBXGroup;
			children = (
				D370FABD1B18F9CC0095D72F /* PermanentStorage */,
				D370FAD31B18F9CC0095D72F /* PermanentStorageTests */,
				D370FABC1B18F9CC0095D72F /* Products */,
			);
			sourceTree = "<group>";
		};
		D370FABC1B18F9CC0095D72F /* Products */ = {
			isa = PBXGroup;
			children = (
				D370FABB1B18F9CC0095D72F /* PermanentStorage.app */,
				D370FAD01B18F9CC0095D72F /* PermanentStorageTests.xctest */,
			);
			name = Products;
			sourceTree = "<group>";
		};
		D370FABD1B18F9CC0095D72F /* PermanentStorage */ = {
			isa = PBXGroup;
			children = (
				D370FAC01B18F9CC0095D72F /* AppDelegate.swift */,
				D370FAC21B18F9CC0095D72F /* ViewController.swift */,
				D370FAC41B18F9CC0095D72F /* Main.storyboard */,
				D370FAC71B18F9CC0095D72F /* Images.xcassets */,
				D370FAC91B18F9CC0095D72F /* LaunchScreen.xib */,
				D370FABE1B18F9CC0095D72F /* Supporting Files */,
			);
			path = PermanentStorage;
			sourceTree = "<group>";
		};
		D370FABE1B18F9CC0095D72F /* Supporting Files */ = {
			isa = PBXGroup;
			children = (
				D370FABF1B18F9CC0095D72F /* Info.plist */,
			);
			name = "Supporting Files";
			sourceTree = "<group>";
		};
		D370FAD31B18F9CC0095D72F /* PermanentStorageTests */ = {
			isa = PBXGroup;
			children = (
				D370FAD61B18F9CC0095D72F /* PermanentStorageTests.swift */,
				D370FAD41B18F9CC0095D72F /* Supporting Files */,
			);
			path = PermanentStorageTests;
			sourceTree = "<group>";
		};
		D370FAD41B18F9CC0095D72F /* Supporting Files */ = {
			isa = PBXGroup;
			children = (
				D370FAD51B18F9CC0095D72F /* Info.plist */,
			);
			name = "Supporting Files";
			sourceTree = "<group>";
		};
/* End PBXGroup section */

/* Begin PBXNativeTarget section */
		D370FABA1B18F9CC0095D72F /* PermanentStorage */ = {
			isa = PBXNativeTarget;
			buildConfigurationList = D370FADA1B18F9CC0095D72F /* Build configuration list for PBXNativeTarget "PermanentStorage" */;
			buildPhases = (
				D370FAB71B18F9CC0095D72F /* Sources */,
				D370FAB81B18F9CC0095D72F /* Frameworks */,
				D370FAB91B18F9CC0095D72F /* Resources */,
			);
			buildRules = (
			);
			dependencies = (
			);
			name = PermanentStorage;
			productName = PermanentStorage;
			productReference = D370FABB1B18F9CC0095D72F /* PermanentStorage.app */;
			productType = "com.apple.product-type.application";
		};
		D370FACF1B18F9CC0095D72F /* PermanentStorageTests */ = {
			isa = PBXNativeTarget;
			buildConfigurationList = D370FADD1B18F9CC0095D72F /* Build configuration list for PBXNativeTarget "PermanentStorageTests" */;
			buildPhases = (
				D370FACC1B18F9CC0095D72F /* Sources */,
				D370FACD1B18F9CC0095D72F /* Frameworks */,
				D370FACE1B18F9CC0095D72F /* Resources */,
			);
			buildRules = (
			);
			dependencies = (
				D370FAD21B18F9CC0095D72F /* PBXTargetDependency */,
			);
			name = PermanentStorageTests;
			productName = PermanentStorageTests;
			productReference = D370FAD01B18F9CC0095D72F /* PermanentStorageTests.xctest */;
			productType = "com.apple.product-type.bundle.unit-test";
		};
/* End PBXNativeTarget section */

/* Begin PBXProject section */
		D370FAB31B18F9CC0095D72F /* Project object */ = {
			isa = PBXProject;
			attributes = {
				LastUpgradeCheck = 0630;
				ORGANIZATIONNAME = "Peter Scheyer";
				TargetAttributes = {
					D370FABA1B18F9CC0095D72F = {
						CreatedOnToolsVersion = 6.3.2;
					};
					D370FACF1B18F9CC0095D72F = {
						CreatedOnToolsVersion = 6.3.2;
						TestTargetID = D370FABA1B18F9CC0095D72F;
					};
				};
			};
			buildConfigurationList = D370FAB61B18F9CC0095D72F /* Build configuration list for PBXProject "PermanentStorage" */;
			compatibilityVersion = "Xcode 3.2";
			developmentRegion = English;
			hasScannedForEncodings = 0;
			knownRegions = (
				en,
				Base,
			);
			mainGroup = D370FAB21B18F9CC0095D72F;
			productRefGroup = D370FABC1B18F9CC0095D72F /* Products */;
			projectDirPath = "";
			projectRoot = "";
			targets = (
				D370FABA1B18F9CC0095D72F /* PermanentStorage */,
				D370FACF1B18F9CC0095D72F /* PermanentStorageTests */,
			);
		};
/* End PBXProject section */

/* Begin PBXResourcesBuildPhase section */
		D370FAB91B18F9CC0095D72F /* Resources */ = {
			isa = PBXResourcesBuildPhase;
			buildActionMask = 2147483647;
			files = (
				D370FAC61B18F9CC0095D72F /* Main.storyboard in Resources */,
				D370FACB1B18F9CC0095D72F /* LaunchScreen.xib in Resources */,
				D370FAC81B18F9CC0095D72F /* Images.xcassets in Resources */,
			);
			runOnlyForDeploymentPostprocessing = 0;
		};
		D370FACE1B18F9CC0095D72F /* Resources */ = {
			isa = PBXResourcesBuildPhase;
			buildActionMask = 2147483647;
			files = (
			);
			runOnlyForDeploymentPostprocessing = 0;
		};
/* End PBXResourcesBuildPhase section */

/* Begin PBXSourcesBuildPhase section */
		D370FAB71B18F9CC0095D72F /* Sources */ = {
			isa = PBXSourcesBuildPhase;
			buildActionMask = 2147483647;
			files = (
				D370FAC31B18F9CC0095D72F /* ViewController.swift in Sources */,
				D370FAC11B18F9CC0095D72F /* AppDelegate.swift in Sources */,
			);
			runOnlyForDeploymentPostprocessing = 0;
		};
		D370FACC1B18F9CC0095D72F /* Sources */ = {
			isa = PBXSourcesBuildPhase;
			buildActionMask = 2147483647;
			files = (
				D370FAD71B18F9CC0095D72F /* PermanentStorageTests.swift in Sources */,
			);
			runOnlyForDeploymentPostprocessing = 0;
		};
/* End PBXSourcesBuildPhase section */

/* Begin PBXTargetDependency section */
		D370FAD21B18F9CC0095D72F /* PBXTargetDependency */ = {
			isa = PBXTargetDependency;
			target = D370FABA1B18F9CC0095D72F /* PermanentStorage */;
			targetProxy = D370FAD11B18F9CC0095D72F /* PBXContainerItemProxy */;
		};
/* End PBXTargetDependency section */

/* Begin PBXVariantGroup section */
		D370FAC41B18F9CC0095D72F /* Main.storyboard */ = {
			isa = PBXVariantGroup;
			children = (
				D370FAC51B18F9CC0095D72F /* Base */,
			);
			name = Main.storyboard;
			sourceTree = "<group>";
		};
		D370FAC91B18F9CC0095D72F /* LaunchScreen.xib */ = {
			isa = PBXVariantGroup;
			children = (
				D370FACA1B18F9CC0095D72F /* Base */,
			);
			name = LaunchScreen.xib;
			sourceTree = "<group>";
		};
/* End PBXVariantGroup section */

/* Begin XCBuildConfiguration section */
		D370FAD81B18F9CC0095D72F /* Debug */ = {
			isa = XCBuildConfiguration;
			buildSettings = {
				ALWAYS_SEARCH_USER_PATHS = NO;
				CLANG_CXX_LANGUAGE_STANDARD = "gnu++0x";
				CLANG_CXX_LIBRARY = "libc++";
				CLANG_ENABLE_MODULES = YES;
				CLANG_ENABLE_OBJC_ARC = YES;
				CLANG_WARN_BOOL_CONVERSION = YES;
				CLANG_WARN_CONSTANT_CONVERSION = YES;
				CLANG_WARN_DIRECT_OBJC_ISA_USAGE = YES_ERROR;
				CLANG_WARN_EMPTY_BODY = YES;
				CLANG_WARN_ENUM_CONVERSION = YES;
				CLANG_WARN_INT_CONVERSION = YES;
				CLANG_WARN_OBJC_ROOT_CLASS = YES_ERROR;
				CLANG_WARN_UNREACHABLE_CODE = YES;
				CLANG_WARN__DUPLICATE_METHOD_MATCH = YES;
				"CODE_SIGN_IDENTITY[sdk=iphoneos*]" = "iPhone Developer";
				COPY_PHASE_STRIP = NO;
				DEBUG_INFORMATION_FORMAT = "dwarf-with-dsym";
				ENABLE_STRICT_OBJC_MSGSEND = YES;
				GCC_C_LANGUAGE_STANDARD = gnu99;
				GCC_DYNAMIC_NO_PIC = NO;
				GCC_NO_COMMON_BLOCKS = YES;
				GCC_OPTIMIZATION_LEVEL = 0;
				GCC_PREPROCESSOR_DEFINITIONS = (
					"DEBUG=1",
					"$(inherited)",
				);
				GCC_SYMBOLS_PRIVATE_EXTERN = NO;
				GCC_WARN_64_TO_32_BIT_CONVERSION = YES;
				GCC_WARN_ABOUT_RETURN_TYPE = YES_ERROR;
				GCC_WARN_UNDECLARED_SELECTOR = YES;
				GCC_WARN_UNINITIALIZED_AUTOS = YES_AGGRESSIVE;
				GCC_WARN_UNUSED_FUNCTION = YES;
				GCC_WARN_UNUSED_VARIABLE = YES;
				IPHONEOS_DEPLOYMENT_TARGET = 8.3;
				MTL_ENABLE_DEBUG_INFO = YES;
				ONLY_ACTIVE_ARCH = YES;
				SDKROOT = iphoneos;
				SWIFT_OPTIMIZATION_LEVEL = "-Onone";
				TARGETED_DEVICE_FAMILY = "1,2";
			};
			name = Debug;
		};
		D370FAD91B18F9CC0095D72F /* Release */ = {
			isa = XCBuildConfiguration;
			buildSettings = {
				ALWAYS_SEARCH_USER_PATHS = NO;
				CLANG_CXX_LANGUAGE_STANDARD = "gnu++0x";
				CLANG_CXX_LIBRARY = "libc++";
				CLANG_ENABLE_MODULES = YES;
				CLANG_ENABLE_OBJC_ARC = YES;
				CLANG_WARN_BOOL_CONVERSION = YES;
				CLANG_WARN_CONSTANT_CONVERSION = YES;
				CLANG_WARN_DIRECT_OBJC_ISA_USAGE = YES_ERROR;
				CLANG_WARN_EMPTY_BODY = YES;
				CLANG_WARN_ENUM_CONVERSION = YES;
				CLANG_WARN_INT_CONVERSION = YES;
				CLANG_WARN_OBJC_ROOT_CLASS = YES_ERROR;
				CLANG_WARN_UNREACHABLE_CODE = YES;
				CLANG_WARN__DUPLICATE_METHOD_MATCH = YES;
				"CODE_SIGN_IDENTITY[sdk=iphoneos*]" = "iPhone Developer";
				COPY_PHASE_STRIP = NO;
				DEBUG_INFORMATION_FORMAT = "dwarf-with-dsym";
				ENABLE_NS_ASSERTIONS = NO;
				ENABLE_STRICT_OBJC_MSGSEND = YES;
				GCC_C_LANGUAGE_STANDARD = gnu99;
				GCC_NO_COMMON_BLOCKS = YES;
				GCC_WARN_64_TO_32_BIT_CONVERSION = YES;
				GCC_WARN_ABOUT_RETURN_TYPE = YES_ERROR;
				GCC_WARN_UNDECLARED_SELECTOR = YES;
				GCC_WARN_UNINITIALIZED_AUTOS = YES_AGGRESSIVE;
				GCC_WARN_UNUSED_FUNCTION = YES;
				GCC_WARN_UNUSED_VARIABLE = YES;
				IPHONEOS_DEPLOYMENT_TARGET = 8.3;
				MTL_ENABLE_DEBUG_INFO = NO;
				SDKROOT = iphoneos;
				TARGETED_DEVICE_FAMILY = "1,2";
				VALIDATE_PRODUCT = YES;
			};
			name = Release;
		};
		D370FADB1B18F9CC0095D72F /* Debug */ = {
			isa = XCBuildConfiguration;
			buildSettings = {
				ASSETCATALOG_COMPILER_APPICON_NAME = AppIcon;
				INFOPLIST_FILE = PermanentStorage/Info.plist;
				LD_RUNPATH_SEARCH_PATHS = "$(inherited) @executable_path/Frameworks";
				PRODUCT_NAME = "$(TARGET_NAME)";
			};
			name = Debug;
		};
		D370FADC1B18F9CC0095D72F /* Release */ = {
			isa = XCBuildConfiguration;
			buildSettings = {
				ASSETCATALOG_COMPILER_APPICON_NAME = AppIcon;
				INFOPLIST_FILE = PermanentStorage/Info.plist;
				LD_RUNPATH_SEARCH_PATHS = "$(inherited) @executable_path/Frameworks";
				PRODUCT_NAME = "$(TARGET_NAME)";
			};
			name = Release;
		};
		D370FADE1B18F9CC0095D72F /* Debug */ = {
			isa = XCBuildConfiguration;
			buildSettings = {
				BUNDLE_LOADER = "$(TEST_HOST)";
				FRAMEWORK_SEARCH_PATHS = (
					"$(SDKROOT)/Developer/Library/Frameworks",
					"$(inherited)",
				);
				GCC_PREPROCESSOR_DEFINITIONS = (
					"DEBUG=1",
					"$(inherited)",
				);
				INFOPLIST_FILE = PermanentStorageTests/Info.plist;
				LD_RUNPATH_SEARCH_PATHS = "$(inherited) @executable_path/Frameworks @loader_path/Frameworks";
				PRODUCT_NAME = "$(TARGET_NAME)";
				TEST_HOST = "$(BUILT_PRODUCTS_DIR)/PermanentStorage.app/PermanentStorage";
			};
			name = Debug;
		};
		D370FADF1B18F9CC0095D72F /* Release */ = {
			isa = XCBuildConfiguration;
			buildSettings = {
				BUNDLE_LOADER = "$(TEST_HOST)";
				FRAMEWORK_SEARCH_PATHS = (
					"$(SDKROOT)/Developer/Library/Frameworks",
					"$(inherited)",
				);
				INFOPLIST_FILE = PermanentStorageTests/Info.plist;
				LD_RUNPATH_SEARCH_PATHS = "$(inherited) @executable_path/Frameworks @loader_path/Frameworks";
				PRODUCT_NAME = "$(TARGET_NAME)";
				TEST_HOST = "$(BUILT_PRODUCTS_DIR)/PermanentStorage.app/PermanentStorage";
			};
			name = Release;
		};
/* End XCBuildConfiguration section */

/* Begin XCConfigurationList section */
		D370FAB61B18F9CC0095D72F /* Build configuration list for PBXProject "PermanentStorage" */ = {
			isa = XCConfigurationList;
			buildConfigurations = (
				D370FAD81B18F9CC0095D72F /* Debug */,
				D370FAD91B18F9CC0095D72F /* Release */,
			);
			defaultConfigurationIsVisible = 0;
			defaultConfigurationName = Release;
		};
		D370FADA1B18F9CC0095D72F /* Build configuration list for PBXNativeTarget "PermanentStorage" */ = {
			isa = XCConfigurationList;
			buildConfigurations = (
				D370FADB1B18F9CC0095D72F /* Debug */,
				D370FADC1B18F9CC0095D72F /* Release */,
			);
			defaultConfigurationIsVisible = 0;
		};
		D370FADD1B18F9CC0095D72F /* Build configuration list for PBXNativeTarget "PermanentStorageTests" */ = {
			isa = XCConfigurationList;
			buildConfigurations = (
				D370FADE1B18F9CC0095D72F /* Debug */,
				D370FADF1B18F9CC0095D72F /* Release */,
			);
			defaultConfigurationIsVisible = 0;
		};
/* End XCConfigurationList section */
	};
	rootObject = D370FAB31B18F9CC0095D72F /* Project object */;
}
